
Microsoft Visual Studio Solution File, Format Version 12.00
# Visual Studio Version 17
VisualStudioVersion = 17.10.35013.160
MinimumVisualStudioVersion = 10.0.40219.1
Project("{FAE04EC0-301F-11D3-BF4B-00C04F79EFBC}") = "GoalTracker", "GoalTracker\GoalTracker.csproj", "{B6E3D63D-EB7A-465D-8898-8C55A16F8CB5}"
EndProject
Global
	GlobalSection(SolutionConfigurationPlatforms) = preSolution
		Debug|Any CPU = Debug|Any CPU
		Release|Any CPU = Release|Any CPU
	EndGlobalSection
	GlobalSection(ProjectConfigurationPlatforms) = postSolution
		{B6E3D63D-EB7A-465D-8898-8C55A16F8CB5}.Debug|Any CPU.ActiveCfg = Debug|Any CPU
		{B6E3D63D-EB7A-465D-8898-8C55A16F8CB5}.Debug|Any CPU.Build.0 = Debug|Any CPU
		{B6E3D63D-EB7A-465D-8898-8C55A16F8CB5}.Release|Any CPU.ActiveCfg = Release|Any CPU
		{B6E3D63D-EB7A-465D-8898-8C55A16F8CB5}.Release|Any CPU.Build.0 = Release|Any CPU
	EndGlobalSection
	GlobalSection(SolutionProperties) = preSolution
		HideSolutionNode = FALSE
	EndGlobalSection
	GlobalSection(ExtensibilityGlobals) = postSolution
		SolutionGuid = {D467462D-763E-4A0F-970A-511E2672322F}
	EndGlobalSection
EndGlobal
